
Microsoft Visual Studio Solution File, Format Version 12.00
# Visual Studio 15
VisualStudioVersion = 15.0.28010.2036
MinimumVisualStudioVersion = 10.0.40219.1
Project("{FAE04EC0-301F-11D3-BF4B-00C04F79EFBC}") = "KUBO-Token-Desktop-Wallet", "KUBO-Token-Desktop-Wallet.csproj", "{28CA049C-09B6-4092-8685-94E370ADC275}"
EndProject
Global
	GlobalSection(SolutionConfigurationPlatforms) = preSolution
		Debug|x86 = Debug|x86
		Release|x86 = Release|x86
	EndGlobalSection
	GlobalSection(ProjectConfigurationPlatforms) = postSolution
		{28CA049C-09B6-4092-8685-94E370ADC275}.Debug|x86.ActiveCfg = Debug|x86
		{28CA049C-09B6-4092-8685-94E370ADC275}.Debug|x86.Build.0 = Debug|x86
		{28CA049C-09B6-4092-8685-94E370ADC275}.Release|x86.ActiveCfg = Release|x86
		{28CA049C-09B6-4092-8685-94E370ADC275}.Release|x86.Build.0 = Release|x86
	EndGlobalSection
	GlobalSection(SolutionProperties) = preSolution
		HideSolutionNode = FALSE
	EndGlobalSection
	GlobalSection(ExtensibilityGlobals) = postSolution
		SolutionGuid = {B7B7E066-D90F-4F09-B334-11029C7D878D}
	EndGlobalSection
EndGlobal
